
Microsoft Visual Studio Solution File, Format Version 12.00
# Visual Studio Version 17
VisualStudioVersion = 17.3.32901.215
MinimumVisualStudioVersion = 10.0.40219.1
Project("{FAE04EC0-301F-11D3-BF4B-00C04F79EFBC}") = "MyStore", "MyStore\MyStore.csproj", "{E7935417-CBF4-4716-96EC-2A1334D2292F}"
EndProject
Global
	GlobalSection(SolutionConfigurationPlatforms) = preSolution
		Debug|Any CPU = Debug|Any CPU
		Release|Any CPU = Release|Any CPU
	EndGlobalSection
	GlobalSection(ProjectConfigurationPlatforms) = postSolution
		{E7935417-CBF4-4716-96EC-2A1334D2292F}.Debug|Any CPU.ActiveCfg = Debug|Any CPU
		{E7935417-CBF4-4716-96EC-2A1334D2292F}.Debug|Any CPU.Build.0 = Debug|Any CPU
		{E7935417-CBF4-4716-96EC-2A1334D2292F}.Release|Any CPU.ActiveCfg = Release|Any CPU
		{E7935417-CBF4-4716-96EC-2A1334D2292F}.Release|Any CPU.Build.0 = Release|Any CPU
	EndGlobalSection
	GlobalSection(SolutionProperties) = preSolution
		HideSolutionNode = FALSE
	EndGlobalSection
	GlobalSection(ExtensibilityGlobals) = postSolution
		SolutionGuid = {4FB245D5-5AD0-4CE6-B7B9-E9F7CAD187F9}
	EndGlobalSection
EndGlobal
